
Microsoft Visual Studio Solution File, Format Version 12.00
# Visual Studio Version 16
VisualStudioVersion = 16.0.30104.148
MinimumVisualStudioVersion = 10.0.40219.1
Project("{FAE04EC0-301F-11D3-BF4B-00C04F79EFBC}") = "EmployeeApp", "EmployeeApp\EmployeeApp.csproj", "{B2712D0C-8893-446B-82FB-06619E48514A}"
EndProject
Global
	GlobalSection(SolutionConfigurationPlatforms) = preSolution
		Debug|Any CPU = Debug|Any CPU
		Release|Any CPU = Release|Any CPU
	EndGlobalSection
	GlobalSection(ProjectConfigurationPlatforms) = postSolution
		{B2712D0C-8893-446B-82FB-06619E48514A}.Debug|Any CPU.ActiveCfg = Debug|Any CPU
		{B2712D0C-8893-446B-82FB-06619E48514A}.Debug|Any CPU.Build.0 = Debug|Any CPU
		{B2712D0C-8893-446B-82FB-06619E48514A}.Release|Any CPU.ActiveCfg = Release|Any CPU
		{B2712D0C-8893-446B-82FB-06619E48514A}.Release|Any CPU.Build.0 = Release|Any CPU
	EndGlobalSection
	GlobalSection(SolutionProperties) = preSolution
		HideSolutionNode = FALSE
	EndGlobalSection
	GlobalSection(ExtensibilityGlobals) = postSolution
		SolutionGuid = {20525753-04F5-40D6-864D-2360B819B14D}
	EndGlobalSection
EndGlobal
